
Microsoft Visual Studio Solution File, Format Version 12.00
# Visual Studio Version 17
VisualStudioVersion = 17.1.32210.238
MinimumVisualStudioVersion = 10.0.40219.1
Project("{778DAE3C-4631-46EA-AA77-85C1314464D9}") = "FormApp", "FormApp\FormApp.vbproj", "{26F08193-9E05-4E36-BE93-AA9131AC7370}"
EndProject
Project("{F184B08F-C81C-45F6-A57F-5ABD9991F28F}") = "Libreria", "Libreria\Libreria.vbproj", "{310B6EE0-FEB7-4223-8938-3CDBBEE72DE9}"
EndProject
Global
	GlobalSection(SolutionConfigurationPlatforms) = preSolution
		Debug|Any CPU = Debug|Any CPU
		Release|Any CPU = Release|Any CPU
	EndGlobalSection
	GlobalSection(ProjectConfigurationPlatforms) = postSolution
		{26F08193-9E05-4E36-BE93-AA9131AC7370}.Debug|Any CPU.ActiveCfg = Debug|Any CPU
		{26F08193-9E05-4E36-BE93-AA9131AC7370}.Debug|Any CPU.Build.0 = Debug|Any CPU
		{26F08193-9E05-4E36-BE93-AA9131AC7370}.Release|Any CPU.ActiveCfg = Release|Any CPU
		{26F08193-9E05-4E36-BE93-AA9131AC7370}.Release|Any CPU.Build.0 = Release|Any CPU
		{310B6EE0-FEB7-4223-8938-3CDBBEE72DE9}.Debug|Any CPU.ActiveCfg = Debug|Any CPU
		{310B6EE0-FEB7-4223-8938-3CDBBEE72DE9}.Debug|Any CPU.Build.0 = Debug|Any CPU
		{310B6EE0-FEB7-4223-8938-3CDBBEE72DE9}.Release|Any CPU.ActiveCfg = Release|Any CPU
		{310B6EE0-FEB7-4223-8938-3CDBBEE72DE9}.Release|Any CPU.Build.0 = Release|Any CPU
	EndGlobalSection
	GlobalSection(SolutionProperties) = preSolution
		HideSolutionNode = FALSE
	EndGlobalSection
	GlobalSection(ExtensibilityGlobals) = postSolution
		SolutionGuid = {0D728665-3A9E-41DC-BBF3-8E92519A3572}
	EndGlobalSection
EndGlobal
